
Microsoft Visual Studio Solution File, Format Version 12.00
# Visual Studio Version 16
VisualStudioVersion = 16.0.29905.134
MinimumVisualStudioVersion = 10.0.40219.1
Project("{2150E333-8FDC-42A3-9474-1A3956D46DE8}") = "Solution Items", "Solution Items", "{0E5A9312-1AA6-4FE6-91D6-07FB287C6241}"
	ProjectSection(SolutionItems) = preProject
		LICENSE = LICENSE
		README.md = README.md
	EndProjectSection
EndProject
Project("{9A19103F-16F7-4668-BE54-9A1E7A4F7556}") = "Isici.Core.Abstractions", "src\Isici.Core.Abstractions\Isici.Core.Abstractions.csproj", "{1887CAC4-DCFD-4D7A-AF56-6C6A63C5CBD8}"
EndProject
Project("{9A19103F-16F7-4668-BE54-9A1E7A4F7556}") = "Isici.Core", "src\Isici.Core\Isici.Core.csproj", "{B5592E32-9DB1-46B4-857E-88D45F5E2F9B}"
EndProject
Project("{9A19103F-16F7-4668-BE54-9A1E7A4F7556}") = "Isici.Configuration.SystemConfiguration", "src\Isici.Configuration.SystemConfiguration\Isici.Configuration.SystemConfiguration.csproj", "{CEAD9520-F519-4CC8-82AD-F60B2A94C9BF}"
EndProject
Project("{9A19103F-16F7-4668-BE54-9A1E7A4F7556}") = "Isici.Configuration.JsonFileConfiguration", "src\Isici.Configuration.JsonFileConfiguration\Isici.Configuration.JsonFileConfiguration.csproj", "{F476ABC6-E3D2-46BF-BF3F-C5B31B5BC2B7}"
EndProject
Global
	GlobalSection(SolutionConfigurationPlatforms) = preSolution
		Debug|Any CPU = Debug|Any CPU
		Release|Any CPU = Release|Any CPU
	EndGlobalSection
	GlobalSection(ProjectConfigurationPlatforms) = postSolution
		{1887CAC4-DCFD-4D7A-AF56-6C6A63C5CBD8}.Debug|Any CPU.ActiveCfg = Debug|Any CPU
		{1887CAC4-DCFD-4D7A-AF56-6C6A63C5CBD8}.Debug|Any CPU.Build.0 = Debug|Any CPU
		{1887CAC4-DCFD-4D7A-AF56-6C6A63C5CBD8}.Release|Any CPU.ActiveCfg = Release|Any CPU
		{1887CAC4-DCFD-4D7A-AF56-6C6A63C5CBD8}.Release|Any CPU.Build.0 = Release|Any CPU
		{B5592E32-9DB1-46B4-857E-88D45F5E2F9B}.Debug|Any CPU.ActiveCfg = Debug|Any CPU
		{B5592E32-9DB1-46B4-857E-88D45F5E2F9B}.Debug|Any CPU.Build.0 = Debug|Any CPU
		{B5592E32-9DB1-46B4-857E-88D45F5E2F9B}.Release|Any CPU.ActiveCfg = Release|Any CPU
		{B5592E32-9DB1-46B4-857E-88D45F5E2F9B}.Release|Any CPU.Build.0 = Release|Any CPU
		{CEAD9520-F519-4CC8-82AD-F60B2A94C9BF}.Debug|Any CPU.ActiveCfg = Debug|Any CPU
		{CEAD9520-F519-4CC8-82AD-F60B2A94C9BF}.Debug|Any CPU.Build.0 = Debug|Any CPU
		{CEAD9520-F519-4CC8-82AD-F60B2A94C9BF}.Release|Any CPU.ActiveCfg = Release|Any CPU
		{CEAD9520-F519-4CC8-82AD-F60B2A94C9BF}.Release|Any CPU.Build.0 = Release|Any CPU
		{F476ABC6-E3D2-46BF-BF3F-C5B31B5BC2B7}.Debug|Any CPU.ActiveCfg = Debug|Any CPU
		{F476ABC6-E3D2-46BF-BF3F-C5B31B5BC2B7}.Debug|Any CPU.Build.0 = Debug|Any CPU
		{F476ABC6-E3D2-46BF-BF3F-C5B31B5BC2B7}.Release|Any CPU.ActiveCfg = Release|Any CPU
		{F476ABC6-E3D2-46BF-BF3F-C5B31B5BC2B7}.Release|Any CPU.Build.0 = Release|Any CPU
	EndGlobalSection
	GlobalSection(SolutionProperties) = preSolution
		HideSolutionNode = FALSE
	EndGlobalSection
	GlobalSection(ExtensibilityGlobals) = postSolution
		SolutionGuid = {526550E8-9F4D-4E3E-8ECE-ED451A7C40D9}
	EndGlobalSection
EndGlobal
